
Microsoft Visual Studio Solution File, Format Version 12.00
# Visual Studio Version 16
VisualStudioVersion = 16.0.31624.102
MinimumVisualStudioVersion = 10.0.40219.1
Project("{9A19103F-16F7-4668-BE54-9A1E7A4F7556}") = "Lab01_EstuardoVilleda_1003519", "Lab02_EstuardoVilleda_1003519\Lab01_EstuardoVilleda_1003519.csproj", "{F62F49EC-8992-44BD-9F93-2DA5F2B7FAB3}"
EndProject
Global
	GlobalSection(SolutionConfigurationPlatforms) = preSolution
		Debug|Any CPU = Debug|Any CPU
		Release|Any CPU = Release|Any CPU
	EndGlobalSection
	GlobalSection(ProjectConfigurationPlatforms) = postSolution
		{F62F49EC-8992-44BD-9F93-2DA5F2B7FAB3}.Debug|Any CPU.ActiveCfg = Debug|Any CPU
		{F62F49EC-8992-44BD-9F93-2DA5F2B7FAB3}.Debug|Any CPU.Build.0 = Debug|Any CPU
		{F62F49EC-8992-44BD-9F93-2DA5F2B7FAB3}.Release|Any CPU.ActiveCfg = Release|Any CPU
		{F62F49EC-8992-44BD-9F93-2DA5F2B7FAB3}.Release|Any CPU.Build.0 = Release|Any CPU
	EndGlobalSection
	GlobalSection(SolutionProperties) = preSolution
		HideSolutionNode = FALSE
	EndGlobalSection
	GlobalSection(ExtensibilityGlobals) = postSolution
		SolutionGuid = {62AA7284-C3EC-41DB-8D81-6AEDDDAC93F2}
	EndGlobalSection
EndGlobal
